
Microsoft Visual Studio Solution File, Format Version 12.00
# Visual Studio Version 17
VisualStudioVersion = 17.1.32328.378
MinimumVisualStudioVersion = 10.0.40219.1
Project("{FAE04EC0-301F-11D3-BF4B-00C04F79EFBC}") = "OCRExample", "OCRExample\OCRExample.csproj", "{42217B91-1458-46ED-99BC-E1BB71E62667}"
EndProject
Global
	GlobalSection(SolutionConfigurationPlatforms) = preSolution
		Debug|Any CPU = Debug|Any CPU
		Release|Any CPU = Release|Any CPU
	EndGlobalSection
	GlobalSection(ProjectConfigurationPlatforms) = postSolution
		{42217B91-1458-46ED-99BC-E1BB71E62667}.Debug|Any CPU.ActiveCfg = Debug|Any CPU
		{42217B91-1458-46ED-99BC-E1BB71E62667}.Debug|Any CPU.Build.0 = Debug|Any CPU
		{42217B91-1458-46ED-99BC-E1BB71E62667}.Release|Any CPU.ActiveCfg = Release|Any CPU
		{42217B91-1458-46ED-99BC-E1BB71E62667}.Release|Any CPU.Build.0 = Release|Any CPU
	EndGlobalSection
	GlobalSection(SolutionProperties) = preSolution
		HideSolutionNode = FALSE
	EndGlobalSection
	GlobalSection(ExtensibilityGlobals) = postSolution
		SolutionGuid = {05CD4C9C-71A2-4B5E-A816-FE1F61C1C872}
	EndGlobalSection
EndGlobal
